# This file is automatically @generated by Cargo.
# It is not intended for manual editing.
version = 4

[[package]]
name = "orx-composable"
version = "0.1.0"
dependencies = [
 "orx-meta",
]

[[package]]
name = "orx-meta"
version = "1.0.0"
source = "git+https://github.com/orxfun/orx-meta#7915570920e859e1bf8111c031234b3c2c9bc567"
